
Microsoft Visual Studio Solution File, Format Version 12.00
# Visual Studio 2013
VisualStudioVersion = 12.0.21005.1
MinimumVisualStudioVersion = 10.0.40219.1
Project("{FAE04EC0-301F-11D3-BF4B-00C04F79EFBC}") = "CQRS.ES", "CQRS.ES\CQRS.ES.csproj", "{818E2E1D-02B6-4BC0-AB58-37EC95A2827F}"
EndProject
Project("{FAE04EC0-301F-11D3-BF4B-00C04F79EFBC}") = "CQRS.WEB", "CQRS.WEB\CQRS.WEB.csproj", "{724CEEA4-9B81-45C2-9581-20EA75F3799E}"
EndProject
Global
	GlobalSection(SolutionConfigurationPlatforms) = preSolution
		Debug|Any CPU = Debug|Any CPU
		Release|Any CPU = Release|Any CPU
	EndGlobalSection
	GlobalSection(ProjectConfigurationPlatforms) = postSolution
		{818E2E1D-02B6-4BC0-AB58-37EC95A2827F}.Debug|Any CPU.ActiveCfg = Debug|Any CPU
		{818E2E1D-02B6-4BC0-AB58-37EC95A2827F}.Debug|Any CPU.Build.0 = Debug|Any CPU
		{818E2E1D-02B6-4BC0-AB58-37EC95A2827F}.Release|Any CPU.ActiveCfg = Release|Any CPU
		{818E2E1D-02B6-4BC0-AB58-37EC95A2827F}.Release|Any CPU.Build.0 = Release|Any CPU
		{724CEEA4-9B81-45C2-9581-20EA75F3799E}.Debug|Any CPU.ActiveCfg = Debug|Any CPU
		{724CEEA4-9B81-45C2-9581-20EA75F3799E}.Debug|Any CPU.Build.0 = Debug|Any CPU
		{724CEEA4-9B81-45C2-9581-20EA75F3799E}.Release|Any CPU.ActiveCfg = Release|Any CPU
		{724CEEA4-9B81-45C2-9581-20EA75F3799E}.Release|Any CPU.Build.0 = Release|Any CPU
	EndGlobalSection
	GlobalSection(SolutionProperties) = preSolution
		HideSolutionNode = FALSE
	EndGlobalSection
EndGlobal
